# This file is automatically @generated by Cargo.
# It is not intended for manual editing.
version = 4

[[package]]
name = "galaxy-cpu-runtime"
version = "0.1.0"
dependencies = [
 "galaxy-retro-math",
 "galaxy-sampler",
]

[[package]]
name = "galaxy-retro-math"
version = "0.1.0"

[[package]]
name = "galaxy-sampler"
version = "0.2.0"
